<Solution>
  <Folder Name="/Solution Items/">
    <File Path="Directory.Build.props" />
  </Folder>
  <Project Path="FinancialTransactionImporter.Api.csproj" />
  <Project Path="FinancialTransactionImporter.Core/FinancialTransactionImporter.Core.csproj" Id="6869b661-d2f5-4e9f-b8d2-83cb6b2202d3" />
  <Project Path="FinancialTransactionImporter.Infrastructure/FinancialTransactionImporter.Infrastructure.csproj" Id="e86d4212-9c83-457f-9217-d19aad2b7e68" />
  <Project Path="FinancialTransactionImporter.Tests/FinancialTransactionImporter.Tests.csproj" Id="12f4ef9a-80c2-4a10-a8f0-837de127ed8a" />
</Solution>
